hash: 2d0134b93b6373e35e65f05c3ea61d9ce04c04d10114471b536ea165372016f8
updated: 2018-08-15T16:49:27.790934+07:00
imports:
- name: github.com/aymerick/raymond
  version: b565731e1464263de0bda75f2e45d97b54b60110
  subpackages:
  - ast
  - lexer
  - parser
- name: github.com/BurntSushi/toml
  version: a368813c5e648fee92e5f6c30e3944ff9d5e8895
- name: github.com/eknkc/amber
  version: cdade1c073850f4ffc70a829e31235ea6892853b
  subpackages:
  - parser
- name: github.com/fatih/structs
  version: ebf56d35bba727c68ac77f56f2fcf90b181851aa
- name: github.com/flosch/pongo2
  version: 24195e6d38b06020d7a92c7b11960cf2e7cad2f2
- name: github.com/googollee/go-engine.io
  version: 3c3145340e676971209507021a435520c2700d92
  subpackages:
  - message
  - parser
  - polling
  - transport
  - websocket
- name: github.com/googollee/go-socket.io
  version: f12da5711bc66c18a0724987fff7f4f3db35c70f
- name: github.com/gorilla/websocket
  version: ea4d1f681babbce9545c9c5f3d5194a789c89f5b
- name: github.com/hashicorp/go-version
  version: 270f2f71b1ee587f3b609f00f422b76a6b28f348
- name: github.com/iris-contrib/formBinder
  version: ad9fb86c356f971f30319c40ddbdcf72129a2791
- name: github.com/jinzhu/gorm
  version: 6ed508ec6a4ecb3531899a69cbc746ccf65a4166
- name: github.com/joho/godotenv
  version: 1709ab122c988931ad53508747b3c061400c2984
- name: github.com/Joker/jade
  version: 8828253bfc54f2f91aaef5f32b44a244b0a98e4f
- name: github.com/json-iterator/go
  version: 1624edc4454b8682399def8740d46db5e4362ba4
- name: github.com/juju/errors
  version: 22422dad46e14561a0854ad42497a75af9b61909
- name: github.com/kataras/golog
  version: 03be101463868edc5a81f094fc68a5f6c1b5503a
- name: github.com/kataras/iris
  version: eba6adbd78bb547b220f7fe7fbda331532134e87
  subpackages:
  - cache
  - cache/cfg
  - cache/client
  - cache/client/rule
  - cache/entry
  - cache/ruleset
  - cache/uri
  - context
  - core/errors
  - core/handlerconv
  - core/host
  - core/maintenance
  - core/maintenance/version
  - core/memstore
  - core/netutil
  - core/router
  - core/router/macro
  - core/router/macro/interpreter/ast
  - core/router/macro/interpreter/lexer
  - core/router/macro/interpreter/parser
  - core/router/macro/interpreter/token
  - core/router/node
  - middleware/logger
  - middleware/recover
  - view
  - websocket
- name: github.com/kataras/pio
  version: a9733b5b6b83d32b479aacd51d26ef6018261963
  subpackages:
  - terminal
- name: github.com/kataras/survey
  version: 00934ae069eda15df26fa427ac393e67e239380c
  subpackages:
  - core
  - terminal
- name: github.com/klauspost/compress
  version: b50017755d442260d792c34c7c43216d9ba7ffc7
  subpackages:
  - flate
  - gzip
- name: github.com/klauspost/cpuid
  version: e7e905edc00ea8827e58662220139109efea09db
- name: github.com/labstack/echo
  version: 1049c9613cd371b7ea8f219404c9a821734781ed
- name: github.com/labstack/gommon
  version: 2a618302b929cc20862dda3aa6f02f64dbe740dd
  subpackages:
  - color
  - log
- name: github.com/lib/pq
  version: 90697d60dd844d5ef6ff15135d0203f65d2f53b8
  subpackages:
  - oid
- name: github.com/mattn/go-colorable
  version: efa589957cd060542a26d2dd7832fd6a6c6c3ade
- name: github.com/mattn/go-isatty
  version: 6ca4dbf54d38eea1a992b3c722a76a5d1c4cb25c
- name: github.com/mgutz/ansi
  version: 9520e82c474b0a04dd04f8a40959027271bab992
- name: github.com/microcosm-cc/bluemonday
  version: dafebb5b6ff2861a0d69af64991e10866c19be85
- name: github.com/modern-go/concurrent
  version: bacd9c7ef1dd9b15be4a9909b8ac7a4e313eec94
- name: github.com/modern-go/reflect2
  version: 94122c33edd36123c84d5368cfb2b69df93a0ec8
- name: github.com/pkg/errors
  version: 816c9085562cd7ee03e7f8188a1cfd942858cded
- name: github.com/ryanuber/columnize
  version: abc90934186a77966e2beeac62ed966aac0561d5
- name: github.com/satori/go.uuid
  version: f58768cc1a7a7e77a3bd49e98cdd21419399b6a3
- name: github.com/shurcooL/sanitized_anchor_name
  version: 86672fcb3f950f35f2e675df2240550f2a50762f
- name: github.com/sirupsen/logrus
  version: 3e01752db0189b9157070a0e1668a620f9a85da2
  subpackages:
  - hooks/syslog
- name: github.com/valyala/bytebufferpool
  version: e746df99fe4a3986f4d4f79e13c1e0117ce9c2f7
- name: github.com/valyala/fasttemplate
  version: dcecefd839c4193db0d35b88ec65b4c12d360ab0
- name: golang.org/x/crypto
  version: de0752318171da717af4ce24d0a2e8626afaeb11
  subpackages:
  - acme
  - acme/autocert
  - ssh/terminal
- name: golang.org/x/net
  version: c39426892332e1bb5ec0a434a079bf82f5d30c54
  subpackages:
  - html
  - html/atom
- name: golang.org/x/sys
  version: 98c5dad5d1a0e8a73845ecc8897d0bd56586511d
  subpackages:
  - unix
  - windows
- name: gopkg.in/russross/blackfriday.v2
  version: cadec560ec52d93835bf2f15bd794700d3a2473b
- name: gopkg.in/tucnak/telebot.v2
  version: b59ea4aec33eba0a5d2eeda2638efe000fa93f22
- name: gopkg.in/yaml.v2
  version: 5420a8b6744d3b0345ab293f6fcba19c978f1183
testImports: []
